
Microsoft Visual Studio Solution File, Format Version 12.00
# Visual Studio Version 16
VisualStudioVersion = 16.0.31105.61
MinimumVisualStudioVersion = 10.0.40219.1
Project("{8BC9CEB8-8B4A-11D0-8D11-00A0C91BC942}") = "InventorySystem", "InventorySystem.vcxproj", "{700BFBA8-90EF-4A55-8B2F-612A1AE41A3B}"
EndProject
Project("{2150E333-8FDC-42A3-9474-1A3956D46DE8}") = "UnitTests", "UnitTests", "{8D6CA214-7C4A-4BC7-8D74-91753BCA5A50}"
	ProjectSection(SolutionItems) = preProject
		test\TestBase.cpp = test\TestBase.cpp
		test\TestBase.h = test\TestBase.h
	EndProjectSection
EndProject
Global
	GlobalSection(SolutionConfigurationPlatforms) = preSolution
		Debug|x64 = Debug|x64
		Debug|x86 = Debug|x86
		Release|x64 = Release|x64
		Release|x86 = Release|x86
	EndGlobalSection
	GlobalSection(ProjectConfigurationPlatforms) = postSolution
		{700BFBA8-90EF-4A55-8B2F-612A1AE41A3B}.Debug|x64.ActiveCfg = Debug|x64
		{700BFBA8-90EF-4A55-8B2F-612A1AE41A3B}.Debug|x64.Build.0 = Debug|x64
		{700BFBA8-90EF-4A55-8B2F-612A1AE41A3B}.Debug|x86.ActiveCfg = Debug|Win32
		{700BFBA8-90EF-4A55-8B2F-612A1AE41A3B}.Debug|x86.Build.0 = Debug|Win32
		{700BFBA8-90EF-4A55-8B2F-612A1AE41A3B}.Release|x64.ActiveCfg = Release|x64
		{700BFBA8-90EF-4A55-8B2F-612A1AE41A3B}.Release|x64.Build.0 = Release|x64
		{700BFBA8-90EF-4A55-8B2F-612A1AE41A3B}.Release|x86.ActiveCfg = Release|Win32
		{700BFBA8-90EF-4A55-8B2F-612A1AE41A3B}.Release|x86.Build.0 = Release|Win32
	EndGlobalSection
	GlobalSection(SolutionProperties) = preSolution
		HideSolutionNode = FALSE
	EndGlobalSection
	GlobalSection(ExtensibilityGlobals) = postSolution
		SolutionGuid = {37FA5134-1E75-4B4C-B211-4B76AB852714}
	EndGlobalSection
EndGlobal
